
Microsoft Visual Studio Solution File, Format Version 12.00
# Visual Studio Version 16
VisualStudioVersion = 16.0.31424.327
MinimumVisualStudioVersion = 10.0.40219.1
Project("{2150E333-8FDC-42A3-9474-1A3956D46DE8}") = "Application", "Application", "{BBE5E454-6B54-4D3B-8680-8E22F0031861}"
EndProject
Project("{2150E333-8FDC-42A3-9474-1A3956D46DE8}") = "Domain", "Domain", "{FAA8EA72-995B-472C-ADC3-C57B0059FC39}"
EndProject
Project("{2150E333-8FDC-42A3-9474-1A3956D46DE8}") = "Infra.Data", "Infra.Data", "{5EE4A0F5-F446-477B-8632-3CE262D4A9BD}"
EndProject
Project("{2150E333-8FDC-42A3-9474-1A3956D46DE8}") = "Infra.IoC", "Infra.IoC", "{0E12D778-DDD3-4390-A995-CAC384B86563}"
EndProject
Project("{2150E333-8FDC-42A3-9474-1A3956D46DE8}") = "Presentation", "Presentation", "{2E8C81D8-7F20-49E1-965C-5CA4CFEEB7C5}"
EndProject
Project("{9A19103F-16F7-4668-BE54-9A1E7A4F7556}") = "CleanArch.MVC", "CleanArch.MVC\CleanArch.MVC.csproj", "{211EB26E-7392-44B4-99E4-64FEDAB1902C}"
EndProject
Project("{9A19103F-16F7-4668-BE54-9A1E7A4F7556}") = "CleanArch.Domain", "CleanArch.Domain\CleanArch.Domain.csproj", "{A177B45A-9880-41C9-B087-8D81CB240359}"
EndProject
Project("{9A19103F-16F7-4668-BE54-9A1E7A4F7556}") = "CleanArch.Infra.Data", "CleanArch.Infra.Data\CleanArch.Infra.Data.csproj", "{76BD6CF2-574D-4FD7-8F52-B2297AD1BE72}"
EndProject
Project("{FAE04EC0-301F-11D3-BF4B-00C04F79EFBC}") = "CleanArch.Application", "CleanArch.Application\CleanArch.Application.csproj", "{1749BE08-99CB-4F74-B0AB-F82E277FFE36}"
EndProject
Global
	GlobalSection(SolutionConfigurationPlatforms) = preSolution
		Debug|Any CPU = Debug|Any CPU
		Release|Any CPU = Release|Any CPU
	EndGlobalSection
	GlobalSection(ProjectConfigurationPlatforms) = postSolution
		{211EB26E-7392-44B4-99E4-64FEDAB1902C}.Debug|Any CPU.ActiveCfg = Debug|Any CPU
		{211EB26E-7392-44B4-99E4-64FEDAB1902C}.Debug|Any CPU.Build.0 = Debug|Any CPU
		{211EB26E-7392-44B4-99E4-64FEDAB1902C}.Release|Any CPU.ActiveCfg = Release|Any CPU
		{211EB26E-7392-44B4-99E4-64FEDAB1902C}.Release|Any CPU.Build.0 = Release|Any CPU
		{A177B45A-9880-41C9-B087-8D81CB240359}.Debug|Any CPU.ActiveCfg = Debug|Any CPU
		{A177B45A-9880-41C9-B087-8D81CB240359}.Debug|Any CPU.Build.0 = Debug|Any CPU
		{A177B45A-9880-41C9-B087-8D81CB240359}.Release|Any CPU.ActiveCfg = Release|Any CPU
		{A177B45A-9880-41C9-B087-8D81CB240359}.Release|Any CPU.Build.0 = Release|Any CPU
		{76BD6CF2-574D-4FD7-8F52-B2297AD1BE72}.Debug|Any CPU.ActiveCfg = Debug|Any CPU
		{76BD6CF2-574D-4FD7-8F52-B2297AD1BE72}.Debug|Any CPU.Build.0 = Debug|Any CPU
		{76BD6CF2-574D-4FD7-8F52-B2297AD1BE72}.Release|Any CPU.ActiveCfg = Release|Any CPU
		{76BD6CF2-574D-4FD7-8F52-B2297AD1BE72}.Release|Any CPU.Build.0 = Release|Any CPU
		{1749BE08-99CB-4F74-B0AB-F82E277FFE36}.Debug|Any CPU.ActiveCfg = Debug|Any CPU
		{1749BE08-99CB-4F74-B0AB-F82E277FFE36}.Debug|Any CPU.Build.0 = Debug|Any CPU
		{1749BE08-99CB-4F74-B0AB-F82E277FFE36}.Release|Any CPU.ActiveCfg = Release|Any CPU
		{1749BE08-99CB-4F74-B0AB-F82E277FFE36}.Release|Any CPU.Build.0 = Release|Any CPU
	EndGlobalSection
	GlobalSection(SolutionProperties) = preSolution
		HideSolutionNode = FALSE
	EndGlobalSection
	GlobalSection(NestedProjects) = preSolution
		{211EB26E-7392-44B4-99E4-64FEDAB1902C} = {2E8C81D8-7F20-49E1-965C-5CA4CFEEB7C5}
		{A177B45A-9880-41C9-B087-8D81CB240359} = {FAA8EA72-995B-472C-ADC3-C57B0059FC39}
		{76BD6CF2-574D-4FD7-8F52-B2297AD1BE72} = {5EE4A0F5-F446-477B-8632-3CE262D4A9BD}
		{1749BE08-99CB-4F74-B0AB-F82E277FFE36} = {BBE5E454-6B54-4D3B-8680-8E22F0031861}
	EndGlobalSection
	GlobalSection(ExtensibilityGlobals) = postSolution
		SolutionGuid = {76F68BB3-7947-415A-A997-368FF2127844}
	EndGlobalSection
EndGlobal
